<?xml version="1.0" encoding="utf-8"?>
<Project ToolsVersion="4.0" xmlns="http://schemas.microsoft.com/developer/msbuild/2003">
  <ItemGroup>
    <Filter Include="src">
      <UniqueIdentifier>{2DAB880B-99B4-887C-2230-9F7C8E38947C}</UniqueIdentifier>
    </Filter>
    <Filter Include="src\Core">
      <UniqueIdentifier>{A5D31CCF-91A0-77DA-BAB9-6582A6E5AC68}</UniqueIdentifier>
    </Filter>
    <Filter Include="src\Event">
      <UniqueIdentifier>{3E1ADFB2-AA84-9329-F3C2-44CF5F6C717E}</UniqueIdentifier>
    </Filter>
    <Filter Include="src\GUI">
      <UniqueIdentifier>{C1782FA9-2D58-AE44-3670-391BA2CE14A6}</UniqueIdentifier>
    </Filter>
    <Filter Include="src\Input">
      <UniqueIdentifier>{EC4823B3-58B3-D729-A1F1-88CF0D9BB57E}</UniqueIdentifier>
    </Filter>
    <Filter Include="src\Math">
      <UniqueIdentifier>{261422CF-12E1-7CDA-3BFA-6A822726B268}</UniqueIdentifier>
    </Filter>
    <Filter Include="src\Platform">
      <UniqueIdentifier>{21CA02E5-0D2D-9289-B6B2-CA3FA2F45D0C}</UniqueIdentifier>
    </Filter>
    <Filter Include="src\Rendering">
      <UniqueIdentifier>{BA10DABB-26D1-55F2-EF0B-9F6F5B8B9ACE}</UniqueIdentifier>
    </Filter>
    <Filter Include="src\Rendering\Camera">
      <UniqueIdentifier>{F24F102D-DEDE-99F6-87FD-ADF1736BAA9C}</UniqueIdentifier>
    </Filter>
    <Filter Include="src\Rendering\Core">
      <UniqueIdentifier>{52B9FC3B-3E9D-BD91-A7FD-B7E49300A813}</UniqueIdentifier>
    </Filter>
    <Filter Include="src\Rendering\Debug">
      <UniqueIdentifier>{B03EA0BB-1CA0-7DC9-A50D-C47B116EB488}</UniqueIdentifier>
    </Filter>
    <Filter Include="src\Rendering\Object">
      <UniqueIdentifier>{00A91E49-EC37-A812-9556-BC0D81C4B8B8}</UniqueIdentifier>
    </Filter>
    <Filter Include="src\Rendering\Scene">
      <UniqueIdentifier>{57A1AEBC-C302-8CCA-4C70-D27CB8D0C289}</UniqueIdentifier>
    </Filter>
    <Filter Include="src\Rendering\Shader">
      <UniqueIdentifier>{20EBDA52-0C7A-641C-B598-7817A10675C2}</UniqueIdentifier>
    </Filter>
    <Filter Include="src\Rendering\Texture">
      <UniqueIdentifier>{1A50DCF5-86BC-97F0-4FB0-2F4EBBDBB958}</UniqueIdentifier>
    </Filter>
    <Filter Include="src\Utils">
      <UniqueIdentifier>{4D9AFFB3-B904-B42A-0243-65D06EEC917F}</UniqueIdentifier>
    </Filter>
    <Filter Include="src\Visual">
      <UniqueIdentifier>{309F8635-1C57-C882-855E-A1DE71356373}</UniqueIdentifier>
    </Filter>
    <Filter Include="src\Visual\Light">
      <UniqueIdentifier>{D756EA0F-C34F-0962-EC81-EEE6D8D9E86D}</UniqueIdentifier>
    </Filter>
    <Filter Include="src\Visual\Material">
      <UniqueIdentifier>{CEE3D5D1-3A45-B3DF-C3B2-F9912F13EA9E}</UniqueIdentifier>
    </Filter>
    <Filter Include="src\Visual\Mesh">
      <UniqueIdentifier>{EC12F8F0-589E-65B5-61AF-E8A9CDB9C1B5}</UniqueIdentifier>
    </Filter>
    <Filter Include="src\Visual\Model">
      <UniqueIdentifier>{70ACFF0F-5CA5-1E62-85D7-03E7712FFE6D}</UniqueIdentifier>
    </Filter>
    <Filter Include="src\Visual\Model\Primitives">
      <UniqueIdentifier>{4B847AE9-B791-A8CF-4078-A4BAAC847486}</UniqueIdentifier>
    </Filter>
    <Filter Include="vendor">
      <UniqueIdentifier>{B3738122-9F15-ACF8-88D0-BF4C74113349}</UniqueIdentifier>
    </Filter>
    <Filter Include="vendor\imgui">
      <UniqueIdentifier>{5D3BD0F0-499E-5F95-F223-984BDE652B18}</UniqueIdentifier>
    </Filter>
    <Filter Include="vendor\imgui\backends">
      <UniqueIdentifier>{27CEAEAF-933A-6AAA-5C2E-0208C8598C12}</UniqueIdentifier>
    </Filter>
  </ItemGroup>
  <ItemGroup>
    <ClInclude Include="src\Core\Application.h">
      <Filter>src\Core</Filter>
    </ClInclude>
    <ClInclude Include="src\Core\Core.h">
      <Filter>src\Core</Filter>
    </ClInclude>
    <ClInclude Include="src\Core\Layer.h">
      <Filter>src\Core</Filter>
    </ClInclude>
    <ClInclude Include="src\Dindipch.h">
      <Filter>src</Filter>
    </ClInclude>
    <ClInclude Include="src\Event\ApplicationEvent.h">
      <Filter>src\Event</Filter>
    </ClInclude>
    <ClInclude Include="src\Event\Event.h">
      <Filter>src\Event</Filter>
    </ClInclude>
    <ClInclude Include="src\Event\KeyEvent.h">
      <Filter>src\Event</Filter>
    </ClInclude>
    <ClInclude Include="src\Event\MouseEvent.h">
      <Filter>src\Event</Filter>
    </ClInclude>
    <ClInclude Include="src\GUI\GUI.h">
      <Filter>src\GUI</Filter>
    </ClInclude>
    <ClInclude Include="src\Input\Input.h">
      <Filter>src\Input</Filter>
    </ClInclude>
    <ClInclude Include="src\Math\Maths.h">
      <Filter>src\Math</Filter>
    </ClInclude>
    <ClInclude Include="src\Math\mat4.h">
      <Filter>src\Math</Filter>
    </ClInclude>
    <ClInclude Include="src\Math\vec2.h">
      <Filter>src\Math</Filter>
    </ClInclude>
    <ClInclude Include="src\Math\vec3.h">
      <Filter>src\Math</Filter>
    </ClInclude>
    <ClInclude Include="src\Math\vec4.h">
      <Filter>src\Math</Filter>
    </ClInclude>
    <ClInclude Include="src\Platform\Window.h">
      <Filter>src\Platform</Filter>
    </ClInclude>
    <ClInclude Include="src\Rendering\Camera\Camera.h">
      <Filter>src\Rendering\Camera</Filter>
    </ClInclude>
    <ClInclude Include="src\Rendering\Core\LowLevelRenderer.h">
      <Filter>src\Rendering\Core</Filter>
    </ClInclude>
    <ClInclude Include="src\Rendering\Core\Renderer.h">
      <Filter>src\Rendering\Core</Filter>
    </ClInclude>
    <ClInclude Include="src\Rendering\Debug\DebugRenderer.h">
      <Filter>src\Rendering\Debug</Filter>
    </ClInclude>
    <ClInclude Include="src\Rendering\Object\Renderable.h">
      <Filter>src\Rendering\Object</Filter>
    </ClInclude>
    <ClInclude Include="src\Rendering\Scene\Scene.h">
      <Filter>src\Rendering\Scene</Filter>
    </ClInclude>
    <ClInclude Include="src\Rendering\Shader\Shader.h">
      <Filter>src\Rendering\Shader</Filter>
    </ClInclude>
    <ClInclude Include="src\Rendering\Shader\ShaderHotReloader.h">
      <Filter>src\Rendering\Shader</Filter>
    </ClInclude>
    <ClInclude Include="src\Rendering\Texture\Texture2D.h">
      <Filter>src\Rendering\Texture</Filter>
    </ClInclude>
    <ClInclude Include="src\Utils\DeltaTime.h">
      <Filter>src\Utils</Filter>
    </ClInclude>
    <ClInclude Include="src\Utils\Logger.h">
      <Filter>src\Utils</Filter>
    </ClInclude>
    <ClInclude Include="src\Utils\ModelLoader.h">
      <Filter>src\Utils</Filter>
    </ClInclude>
    <ClInclude Include="src\Visual\Light\Light.h">
      <Filter>src\Visual\Light</Filter>
    </ClInclude>
    <ClInclude Include="src\Visual\Material\Material.h">
      <Filter>src\Visual\Material</Filter>
    </ClInclude>
    <ClInclude Include="src\Visual\Mesh\Mesh.h">
      <Filter>src\Visual\Mesh</Filter>
    </ClInclude>
    <ClInclude Include="src\Visual\Model\Model.h">
      <Filter>src\Visual\Model</Filter>
    </ClInclude>
    <ClInclude Include="src\Visual\Model\Primitives\Cube.h">
      <Filter>src\Visual\Model\Primitives</Filter>
    </ClInclude>
    <ClInclude Include="vendor\imgui\backends\imgui_impl_glfw.h">
      <Filter>vendor\imgui\backends</Filter>
    </ClInclude>
    <ClInclude Include="vendor\imgui\backends\imgui_impl_opengl3.h">
      <Filter>vendor\imgui\backends</Filter>
    </ClInclude>
    <ClInclude Include="src\Utils\FileDialog.h" />
  </ItemGroup>
  <ItemGroup>
    <ClCompile Include="src\Core\Application.cpp">
      <Filter>src\Core</Filter>
    </ClCompile>
    <ClCompile Include="src\Dindipch.cpp">
      <Filter>src</Filter>
    </ClCompile>
    <ClCompile Include="src\GUI\GUI.cpp">
      <Filter>src\GUI</Filter>
    </ClCompile>
    <ClCompile Include="src\Input\Input.cpp">
      <Filter>src\Input</Filter>
    </ClCompile>
    <ClCompile Include="src\Math\mat4.cpp">
      <Filter>src\Math</Filter>
    </ClCompile>
    <ClCompile Include="src\Math\vec2.cpp">
      <Filter>src\Math</Filter>
    </ClCompile>
    <ClCompile Include="src\Math\vec3.cpp">
      <Filter>src\Math</Filter>
    </ClCompile>
    <ClCompile Include="src\Math\vec4.cpp">
      <Filter>src\Math</Filter>
    </ClCompile>
    <ClCompile Include="src\Platform\Window.cpp">
      <Filter>src\Platform</Filter>
    </ClCompile>
    <ClCompile Include="src\Rendering\Camera\Camera.cpp">
      <Filter>src\Rendering\Camera</Filter>
    </ClCompile>
    <ClCompile Include="src\Rendering\Core\LowLevelRenderer.cpp">
      <Filter>src\Rendering\Core</Filter>
    </ClCompile>
    <ClCompile Include="src\Rendering\Core\Renderer.cpp">
      <Filter>src\Rendering\Core</Filter>
    </ClCompile>
    <ClCompile Include="src\Rendering\Debug\DebugRenderer.cpp">
      <Filter>src\Rendering\Debug</Filter>
    </ClCompile>
    <ClCompile Include="src\Rendering\Object\Renderable.cpp">
      <Filter>src\Rendering\Object</Filter>
    </ClCompile>
    <ClCompile Include="src\Rendering\Scene\Scene.cpp">
      <Filter>src\Rendering\Scene</Filter>
    </ClCompile>
    <ClCompile Include="src\Rendering\Shader\Shader.cpp">
      <Filter>src\Rendering\Shader</Filter>
    </ClCompile>
    <ClCompile Include="src\Rendering\Shader\ShaderHotReloader.cpp">
      <Filter>src\Rendering\Shader</Filter>
    </ClCompile>
    <ClCompile Include="src\Rendering\Texture\Texture2D.cpp">
      <Filter>src\Rendering\Texture</Filter>
    </ClCompile>
    <ClCompile Include="src\Utils\DeltaTime.cpp">
      <Filter>src\Utils</Filter>
    </ClCompile>
    <ClCompile Include="src\Utils\Logger.cpp">
      <Filter>src\Utils</Filter>
    </ClCompile>
    <ClCompile Include="src\Utils\ModelLoader.cpp">
      <Filter>src\Utils</Filter>
    </ClCompile>
    <ClCompile Include="src\Visual\Light\Light.cpp">
      <Filter>src\Visual\Light</Filter>
    </ClCompile>
    <ClCompile Include="src\Visual\Material\Material.cpp">
      <Filter>src\Visual\Material</Filter>
    </ClCompile>
    <ClCompile Include="src\Visual\Mesh\Mesh.cpp">
      <Filter>src\Visual\Mesh</Filter>
    </ClCompile>
    <ClCompile Include="src\Visual\Model\Model.cpp">
      <Filter>src\Visual\Model</Filter>
    </ClCompile>
    <ClCompile Include="src\Visual\Model\Primitives\Cube.cpp">
      <Filter>src\Visual\Model\Primitives</Filter>
    </ClCompile>
    <ClCompile Include="vendor\imgui\backends\imgui_impl_glfw.cpp">
      <Filter>vendor\imgui\backends</Filter>
    </ClCompile>
    <ClCompile Include="vendor\imgui\backends\imgui_impl_opengl3.cpp">
      <Filter>vendor\imgui\backends</Filter>
    </ClCompile>
    <ClCompile Include="src\Utils\FileDialog.cpp" />
  </ItemGroup>
  <ItemGroup>
    <None Include="Resources\Shaders\Debug\DebugShaderFrag.shader" />
    <None Include="Resources\Shaders\Debug\DebugShaderVert.shader" />
  </ItemGroup>
</Project>